lockfileVersion: 5.4

specifiers:
  '@clayui/button': ^3.65.0

dependencies:
  '@clayui/button': 3.65.0_6oykn4wj5c4vhz5utf5llpjugi

packages:

  /@clayui/button/3.65.0_6oykn4wj5c4vhz5utf5llpjugi:
    resolution: {integrity: sha512-ujWccD6aarnQKG4bnk0z/OgfHAwF1N+a+Q9U7zn1mgYekqK5m6/wZ1W/HBh+4GYAXP5BJj9y67vXmeMM7rlGFQ==}
    engines: {node: '>=0.12.0', npm: '>=3.0.0'}
    peerDependencies:
      '@clayui/css': 3.x
      react: ^16.12.0
      react-dom: ^16.12.0
    dependencies:
      '@clayui/css': 3.65.2
      '@clayui/icon': 3.56.0_6oykn4wj5c4vhz5utf5llpjugi
      classnames: 2.3.1
      react: 16.14.0
      react-dom: 16.14.0_react@16.14.0
    dev: false

  /@clayui/css/3.65.2:
    resolution: {integrity: sha512-BR7EQYLImuR+WPgC3ukF0MXWCFHJfmKxtCQqakLHHp8SOtGAakcfmVWVU/b7wLvIZY4zMkPssONoiP1XlvTt1A==}
    dev: false

  /@clayui/icon/3.56.0_6oykn4wj5c4vhz5utf5llpjugi:
    resolution: {integrity: sha512-9xnHkyW45h9UysMFZdjefnJhYUvSXwZsEufRv3NHUf5DLUyNYImrdZ64AXrk3i4TSyqk6qPMLIU0z0/fMQ28qw==}
    engines: {node: '>=0.12.0', npm: '>=3.0.0'}
    peerDependencies:
      '@clayui/css': 3.x
      react: ^16.12.0
      react-dom: ^16.12.0
    dependencies:
      '@clayui/css': 3.65.2
      classnames: 2.3.1
      react: 16.14.0
      react-dom: 16.14.0_react@16.14.0
      warning: 4.0.3
    dev: false

  /classnames/2.3.1:
    resolution: {integrity: sha512-OlQdbZ7gLfGarSqxesMesDa5uz7KFbID8Kpq/SxIoNGDqY8lSYs0D+hhtBXhcdB3rcbXArFr7vlHheLk1voeNA==}
    dev: false

  /js-tokens/4.0.0:
    resolution: {integrity: sha512-RdJUflcE3cUzKiMqQgsCu06FPu9UdIJO0beYbPhHN4k6apgJtifcoCtT9bcxOpYBtpD2kCM6Sbzg4CausW/PKQ==}
    dev: false

  /loose-envify/1.4.0:
    resolution: {integrity: sha512-lyuxPGr/Wfhrlem2CL/UcnUc1zcqKAImBDzukY7Y5F/yQiNdko6+fRLevlw1HgMySw7f611UIY408EtxRSoK3Q==}
    hasBin: true
    dependencies:
      js-tokens: 4.0.0
    dev: false

  /object-assign/4.1.1:
    resolution: {integrity: sha512-rJgTQnkUnH1sFw8yT6VSU3zD3sWmu6sZhIseY8VX+GRu3P6F7Fu+JNDoXfklElbLJSnc3FUQHVe4cU5hj+BcUg==}
    engines: {node: '>=0.10.0'}
    dev: false

  /prop-types/15.8.1:
    resolution: {integrity: sha512-oj87CgZICdulUohogVAR7AjlC0327U4el4L6eAvOqCeudMDVU0NThNaV+b9Df4dXgSP1gXMTnPdhfe/2qDH5cg==}
    dependencies:
      loose-envify: 1.4.0
      object-assign: 4.1.1
      react-is: 16.13.1
    dev: false

  /react-dom/16.14.0_react@16.14.0:
    resolution: {integrity: sha512-1gCeQXDLoIqMgqD3IO2Ah9bnf0w9kzhwN5q4FGnHZ67hBm9yePzB5JJAIQCc8x3pFnNlwFq4RidZggNAAkzWWw==}
    peerDependencies:
      react: ^16.14.0
    dependencies:
      loose-envify: 1.4.0
      object-assign: 4.1.1
      prop-types: 15.8.1
      react: 16.14.0
      scheduler: 0.19.1
    dev: false

  /react-is/16.13.1:
    resolution: {integrity: sha512-24e6ynE2H+OKt4kqsOvNd8kBpV65zoxbA4BVsEOB3ARVWQki/DHzaUoC5KuON/BiccDaCCTZBuOcfZs70kR8bQ==}
    dev: false

  /react/16.14.0:
    resolution: {integrity: sha512-0X2CImDkJGApiAlcf0ODKIneSwBPhqJawOa5wCtKbu7ZECrmS26NvtSILynQ66cgkT/RJ4LidJOc3bUESwmU8g==}
    engines: {node: '>=0.10.0'}
    dependencies:
      loose-envify: 1.4.0
      object-assign: 4.1.1
      prop-types: 15.8.1
    dev: false

  /scheduler/0.19.1:
    resolution: {integrity: sha512-n/zwRWRYSUj0/3g/otKDRPMh6qv2SYMWNq85IEa8iZyAv8od9zDYpGSnpBEjNgcMNq6Scbu5KfIPxNF72R/2EA==}
    dependencies:
      loose-envify: 1.4.0
      object-assign: 4.1.1
    dev: false

  /warning/4.0.3:
    resolution: {integrity: sha512-rpJyN222KWIvHJ/F53XSZv0Zl/accqHR8et1kpaMTD/fLCRxtV8iX8czMzY7sVZupTI3zcUTg8eycS2kNF9l6w==}
    dependencies:
      loose-envify: 1.4.0
    dev: false
